
Microsoft Visual Studio Solution File, Format Version 12.00
# Visual Studio 15
Project("{FAE04EC0-301F-11D3-BF4B-00C04F79EFBC}") = "SAIL.Framework.Host", "SAIL.Framework.Host\SAIL.Framework.Host.csproj", "{47BD538A-111D-45EB-80E5-D60AECFAE0A1}"
EndProject
Project("{FAE04EC0-301F-11D3-BF4B-00C04F79EFBC}") = "SAIL.Framework.Repository", "SAIL.Framework.Repository\SAIL.Framework.Repository.csproj", "{DB665680-D21C-4CF9-A4C6-F11118F8397B}"
EndProject
Project("{FAE04EC0-301F-11D3-BF4B-00C04F79EFBC}") = "SAIL.DataModel", "SAIL.DataModel\SAIL.DataModel.csproj", "{0B96028F-1A5E-413D-A038-8E8F1C40DCEB}"
EndProject
Project("{FAE04EC0-301F-11D3-BF4B-00C04F79EFBC}") = "SAIL.ViewModel.SqlEsque", "SAIL.ViewModel.SqlEsque\SAIL.ViewModel.SqlEsque.csproj", "{63044B32-E21F-42C6-A4E4-B21E5B98BF86}"
EndProject
Global
	GlobalSection(SolutionConfigurationPlatforms) = preSolution
		Debug|Any CPU = Debug|Any CPU
		Release|Any CPU = Release|Any CPU
	EndGlobalSection
	GlobalSection(ProjectConfigurationPlatforms) = postSolution
		{47BD538A-111D-45EB-80E5-D60AECFAE0A1}.Debug|Any CPU.ActiveCfg = Debug|Any CPU
		{47BD538A-111D-45EB-80E5-D60AECFAE0A1}.Debug|Any CPU.Build.0 = Debug|Any CPU
		{47BD538A-111D-45EB-80E5-D60AECFAE0A1}.Release|Any CPU.ActiveCfg = Release|Any CPU
		{47BD538A-111D-45EB-80E5-D60AECFAE0A1}.Release|Any CPU.Build.0 = Release|Any CPU
		{DB665680-D21C-4CF9-A4C6-F11118F8397B}.Debug|Any CPU.ActiveCfg = Debug|Any CPU
		{DB665680-D21C-4CF9-A4C6-F11118F8397B}.Debug|Any CPU.Build.0 = Debug|Any CPU
		{DB665680-D21C-4CF9-A4C6-F11118F8397B}.Release|Any CPU.ActiveCfg = Release|Any CPU
		{DB665680-D21C-4CF9-A4C6-F11118F8397B}.Release|Any CPU.Build.0 = Release|Any CPU
		{0B96028F-1A5E-413D-A038-8E8F1C40DCEB}.Debug|Any CPU.ActiveCfg = Debug|Any CPU
		{0B96028F-1A5E-413D-A038-8E8F1C40DCEB}.Debug|Any CPU.Build.0 = Debug|Any CPU
		{0B96028F-1A5E-413D-A038-8E8F1C40DCEB}.Release|Any CPU.ActiveCfg = Release|Any CPU
		{0B96028F-1A5E-413D-A038-8E8F1C40DCEB}.Release|Any CPU.Build.0 = Release|Any CPU
		{63044B32-E21F-42C6-A4E4-B21E5B98BF86}.Debug|Any CPU.ActiveCfg = Debug|Any CPU
		{63044B32-E21F-42C6-A4E4-B21E5B98BF86}.Debug|Any CPU.Build.0 = Debug|Any CPU
		{63044B32-E21F-42C6-A4E4-B21E5B98BF86}.Release|Any CPU.ActiveCfg = Release|Any CPU
		{63044B32-E21F-42C6-A4E4-B21E5B98BF86}.Release|Any CPU.Build.0 = Release|Any CPU
	EndGlobalSection
EndGlobal
